# This file is autogenerated, do not edit; changes may be undone by the next 'dep ensure'.


[[projects]]
  digest = "1:ffe9824d294da03b391f44e1ae8281281b4afc1bdaa9588c9097785e3af10cec"
  name = "github.com/davecgh/go-spew"
  packages = ["spew"]
  pruneopts = "UT"
  revision = "8991bc29aa16c548c550c7ff78260e27b9ab7c73"
  version = "v1.1.1"

[[projects]]
  branch = "master"
  digest = "1:e1c6332cdc9290612b29fca7cf17834b94f29e636f9bab288abb51afd0b58fad"
  name = "github.com/faiface/beep"
  packages = [
    ".",
    "speaker",
    "wav",
  ]
  pruneopts = "UT"
  revision = "e59a7440241ac37c8debc0c36d69a6a489850a1f"

[[projects]]
  branch = "master"
  digest = "1:f14d1b50e0075fb00177f12a96dd7addf93d1e2883c25befd17285b779549795"
  name = "github.com/gopherjs/gopherjs"
  packages = ["js"]
  pruneopts = "UT"
  revision = "3e4dfb77656c424b6d1196a4d5fed0fcf63677cc"

[[projects]]
  digest = "1:94f6a77a051b8e2c6e8c280ce298dcd1028ed345f2209e630cdc606d59767f97"
  name = "github.com/gopherjs/gopherwasm"
  packages = ["js"]
  pruneopts = "UT"
  revision = "f5a54963d451109f20622db5b6a055569ec6b4c6"
  version = "v1.1.0"

[[projects]]
  digest = "1:d5f97fc268267ec1b61c3453058c738246fc3e746f14b1ae25161513b7367b0c"
  name = "github.com/gorilla/mux"
  packages = ["."]
  pruneopts = "UT"
  revision = "c5c6c98bc25355028a63748a498942a6398ccd22"
  version = "v1.7.1"

[[projects]]
  digest = "1:7b5c6e2eeaa9ae5907c391a91c132abfd5c9e8a784a341b5625e750c67e6825d"
  name = "github.com/gorilla/websocket"
  packages = ["."]
  pruneopts = "UT"
  revision = "66b9c49e59c6c48f0ffce28c2d8b8a5678502c6d"
  version = "v1.4.0"

[[projects]]
  digest = "1:063882eea39d6c8fb8a80d3acea94b0d0e9115d8b8ecf5e011fb0ef12e307d81"
  name = "github.com/hajimehoshi/oto"
  packages = [
    ".",
    "internal/mux",
  ]
  pruneopts = "UT"
  revision = "ea42285388c25364e85ee5808f5ef9e6b5045584"
  version = "v0.3.3"

[[projects]]
  digest = "1:cf31692c14422fa27c83a05292eb5cbe0fb2775972e8f1f8446a71549bd8980b"
  name = "github.com/pkg/errors"
  packages = ["."]
  pruneopts = "UT"
  revision = "ba968bfe8b2f7e042a574c888954fccecfa385b4"
  version = "v0.8.1"

[[projects]]
  digest = "1:0028cb19b2e4c3112225cd871870f2d9cf49b9b4276531f03438a88e94be86fe"
  name = "github.com/pmezard/go-difflib"
  packages = ["difflib"]
  pruneopts = "UT"
  revision = "792786c7400a136282c1664665ae0a8db921c6c2"
  version = "v1.0.0"

[[projects]]
  digest = "1:8ff03ccc603abb0d7cce94d34b613f5f6251a9e1931eba1a3f9888a9029b055c"
  name = "github.com/stretchr/testify"
  packages = [
    "assert",
    "require",
    "suite",
  ]
  pruneopts = "UT"
  revision = "ffdc059bfe9ce6a4e144ba849dbedead332c6053"
  version = "v1.3.0"

[[projects]]
  branch = "master"
  digest = "1:1fa913eaf7819f7babafdd7b6f46ec6a9cd65c6ac8d8c645a608787577309a6f"
  name = "golang.org/x/exp"
  packages = [
    "shiny/driver/gldriver",
    "shiny/driver/internal/drawer",
    "shiny/driver/internal/errscreen",
    "shiny/driver/internal/event",
    "shiny/driver/internal/lifecycler",
    "shiny/driver/internal/win32",
    "shiny/driver/internal/x11key",
    "shiny/screen",
  ]
  pruneopts = "UT"
  revision = "475c5042d3f1a54a7b90cb8b1efb6697946e1107"

[[projects]]
  branch = "master"
  digest = "1:b92d5f74778f4766055011db9abc4bba54edbe5e690a544e6dbfe4dd90824719"
  name = "golang.org/x/image"
  packages = ["math/f64"]
  pruneopts = "UT"
  revision = "6d32002ffd7577f23673706728e1c510698cecb1"

[[projects]]
  branch = "master"
  digest = "1:eede0a3b9f8c6b6c0f26dc90933adf9162978d65461ceecebfb9e454164c02e0"
  name = "golang.org/x/mobile"
  packages = [
    "app",
    "app/internal/callfn",
    "event/key",
    "event/lifecycle",
    "event/mouse",
    "event/paint",
    "event/size",
    "event/touch",
    "geom",
    "gl",
    "internal/mobileinit",
  ]
  pruneopts = "UT"
  revision = "3e0bab5405d63a8f5dd9d9764a24c8e5ac4997fa"

[[projects]]
  branch = "master"
  digest = "1:1fa5ea43bbafccb9bc8a02ab2fa85eefc1eda9c9b14fe0cefa4d7baf505c9469"
  name = "golang.org/x/sys"
  packages = ["windows"]
  pruneopts = "UT"
  revision = "d89cdac9e8725f2aefce25fcbfef41134c9ad412"

[solve-meta]
  analyzer-name = "dep"
  analyzer-version = 1
  input-imports = [
    "github.com/faiface/beep",
    "github.com/faiface/beep/speaker",
    "github.com/faiface/beep/wav",
    "github.com/gorilla/mux",
    "github.com/gorilla/websocket",
    "github.com/stretchr/testify/assert",
    "github.com/stretchr/testify/suite",
  ]
  solver-name = "gps-cdcl"
  solver-version = 1
